
Microsoft Visual Studio Solution File, Format Version 12.00
# Visual Studio 14
VisualStudioVersion = 14.0.25420.1
MinimumVisualStudioVersion = 10.0.40219.1
Project("{8BC9CEB8-8B4A-11D0-8D11-00A0C91BC942}") = "9-2", "9-2\9-2.vcxproj", "{2A007273-96DA-4B51-9468-ABD39F8C5294}"
EndProject
Project("{8BC9CEB8-8B4A-11D0-8D11-00A0C91BC942}") = "9-10", "9-10\9-10.vcxproj", "{0CBFE19E-F4DF-40B3-828D-549D9EE217BC}"
EndProject
Project("{8BC9CEB8-8B4A-11D0-8D11-00A0C91BC942}") = "9-5", "9-5\9-5.vcxproj", "{AC752301-60AB-4538-B06A-408DA1B8DE38}"
EndProject
Project("{8BC9CEB8-8B4A-11D0-8D11-00A0C91BC942}") = "9-7", "9-7\9-7.vcxproj", "{0549CFEA-FA5D-47F9-9242-3884200592D8}"
EndProject
Project("{8BC9CEB8-8B4A-11D0-8D11-00A0C91BC942}") = "9-9", "9-9\9-9.vcxproj", "{DBAC0776-76D8-4D33-B49D-34C3F5606943}"
EndProject
Project("{8BC9CEB8-8B4A-11D0-8D11-00A0C91BC942}") = "9-12", "9-12\9-12.vcxproj", "{10957569-3483-4D15-B2F5-B7E679B934AA}"
EndProject
Project("{8BC9CEB8-8B4A-11D0-8D11-00A0C91BC942}") = "复习题3", "复习题3\复习题3.vcxproj", "{8568A3FA-DC63-4A71-B3C1-A1741C6E93E8}"
EndProject
Project("{8BC9CEB8-8B4A-11D0-8D11-00A0C91BC942}") = "复习题4", "复习题4\复习题4.vcxproj", "{41BBBBF4-627B-4FA1-80F0-B5B1871592E8}"
EndProject
Project("{8BC9CEB8-8B4A-11D0-8D11-00A0C91BC942}") = "复习题3‘", "复习题3‘\复习题3‘.vcxproj", "{E18E1314-D486-4113-87C1-290E24CD1EDA}"
EndProject
Global
	GlobalSection(SolutionConfigurationPlatforms) = preSolution
		Debug|x64 = Debug|x64
		Debug|x86 = Debug|x86
		Release|x64 = Release|x64
		Release|x86 = Release|x86
	EndGlobalSection
	GlobalSection(ProjectConfigurationPlatforms) = postSolution
		{2A007273-96DA-4B51-9468-ABD39F8C5294}.Debug|x64.ActiveCfg = Debug|x64
		{2A007273-96DA-4B51-9468-ABD39F8C5294}.Debug|x64.Build.0 = Debug|x64
		{2A007273-96DA-4B51-9468-ABD39F8C5294}.Debug|x86.ActiveCfg = Debug|Win32
		{2A007273-96DA-4B51-9468-ABD39F8C5294}.Debug|x86.Build.0 = Debug|Win32
		{2A007273-96DA-4B51-9468-ABD39F8C5294}.Release|x64.ActiveCfg = Release|x64
		{2A007273-96DA-4B51-9468-ABD39F8C5294}.Release|x64.Build.0 = Release|x64
		{2A007273-96DA-4B51-9468-ABD39F8C5294}.Release|x86.ActiveCfg = Release|Win32
		{2A007273-96DA-4B51-9468-ABD39F8C5294}.Release|x86.Build.0 = Release|Win32
		{0CBFE19E-F4DF-40B3-828D-549D9EE217BC}.Debug|x64.ActiveCfg = Debug|x64
		{0CBFE19E-F4DF-40B3-828D-549D9EE217BC}.Debug|x64.Build.0 = Debug|x64
		{0CBFE19E-F4DF-40B3-828D-549D9EE217BC}.Debug|x86.ActiveCfg = Debug|Win32
		{0CBFE19E-F4DF-40B3-828D-549D9EE217BC}.Debug|x86.Build.0 = Debug|Win32
		{0CBFE19E-F4DF-40B3-828D-549D9EE217BC}.Release|x64.ActiveCfg = Release|x64
		{0CBFE19E-F4DF-40B3-828D-549D9EE217BC}.Release|x64.Build.0 = Release|x64
		{0CBFE19E-F4DF-40B3-828D-549D9EE217BC}.Release|x86.ActiveCfg = Release|Win32
		{0CBFE19E-F4DF-40B3-828D-549D9EE217BC}.Release|x86.Build.0 = Release|Win32
		{AC752301-60AB-4538-B06A-408DA1B8DE38}.Debug|x64.ActiveCfg = Debug|x64
		{AC752301-60AB-4538-B06A-408DA1B8DE38}.Debug|x64.Build.0 = Debug|x64
		{AC752301-60AB-4538-B06A-408DA1B8DE38}.Debug|x86.ActiveCfg = Debug|Win32
		{AC752301-60AB-4538-B06A-408DA1B8DE38}.Debug|x86.Build.0 = Debug|Win32
		{AC752301-60AB-4538-B06A-408DA1B8DE38}.Release|x64.ActiveCfg = Release|x64
		{AC752301-60AB-4538-B06A-408DA1B8DE38}.Release|x64.Build.0 = Release|x64
		{AC752301-60AB-4538-B06A-408DA1B8DE38}.Release|x86.ActiveCfg = Release|Win32
		{AC752301-60AB-4538-B06A-408DA1B8DE38}.Release|x86.Build.0 = Release|Win32
		{0549CFEA-FA5D-47F9-9242-3884200592D8}.Debug|x64.ActiveCfg = Debug|x64
		{0549CFEA-FA5D-47F9-9242-3884200592D8}.Debug|x64.Build.0 = Debug|x64
		{0549CFEA-FA5D-47F9-9242-3884200592D8}.Debug|x86.ActiveCfg = Debug|Win32
		{0549CFEA-FA5D-47F9-9242-3884200592D8}.Debug|x86.Build.0 = Debug|Win32
		{0549CFEA-FA5D-47F9-9242-3884200592D8}.Release|x64.ActiveCfg = Release|x64
		{0549CFEA-FA5D-47F9-9242-3884200592D8}.Release|x64.Build.0 = Release|x64
		{0549CFEA-FA5D-47F9-9242-3884200592D8}.Release|x86.ActiveCfg = Release|Win32
		{0549CFEA-FA5D-47F9-9242-3884200592D8}.Release|x86.Build.0 = Release|Win32
		{DBAC0776-76D8-4D33-B49D-34C3F5606943}.Debug|x64.ActiveCfg = Debug|x64
		{DBAC0776-76D8-4D33-B49D-34C3F5606943}.Debug|x64.Build.0 = Debug|x64
		{DBAC0776-76D8-4D33-B49D-34C3F5606943}.Debug|x86.ActiveCfg = Debug|Win32
		{DBAC0776-76D8-4D33-B49D-34C3F5606943}.Debug|x86.Build.0 = Debug|Win32
		{DBAC0776-76D8-4D33-B49D-34C3F5606943}.Release|x64.ActiveCfg = Release|x64
		{DBAC0776-76D8-4D33-B49D-34C3F5606943}.Release|x64.Build.0 = Release|x64
		{DBAC0776-76D8-4D33-B49D-34C3F5606943}.Release|x86.ActiveCfg = Release|Win32
		{DBAC0776-76D8-4D33-B49D-34C3F5606943}.Release|x86.Build.0 = Release|Win32
		{10957569-3483-4D15-B2F5-B7E679B934AA}.Debug|x64.ActiveCfg = Debug|x64
		{10957569-3483-4D15-B2F5-B7E679B934AA}.Debug|x64.Build.0 = Debug|x64
		{10957569-3483-4D15-B2F5-B7E679B934AA}.Debug|x86.ActiveCfg = Debug|Win32
		{10957569-3483-4D15-B2F5-B7E679B934AA}.Debug|x86.Build.0 = Debug|Win32
		{10957569-3483-4D15-B2F5-B7E679B934AA}.Release|x64.ActiveCfg = Release|x64
		{10957569-3483-4D15-B2F5-B7E679B934AA}.Release|x64.Build.0 = Release|x64
		{10957569-3483-4D15-B2F5-B7E679B934AA}.Release|x86.ActiveCfg = Release|Win32
		{10957569-3483-4D15-B2F5-B7E679B934AA}.Release|x86.Build.0 = Release|Win32
		{8568A3FA-DC63-4A71-B3C1-A1741C6E93E8}.Debug|x64.ActiveCfg = Debug|x64
		{8568A3FA-DC63-4A71-B3C1-A1741C6E93E8}.Debug|x64.Build.0 = Debug|x64
		{8568A3FA-DC63-4A71-B3C1-A1741C6E93E8}.Debug|x86.ActiveCfg = Debug|Win32
		{8568A3FA-DC63-4A71-B3C1-A1741C6E93E8}.Debug|x86.Build.0 = Debug|Win32
		{8568A3FA-DC63-4A71-B3C1-A1741C6E93E8}.Release|x64.ActiveCfg = Release|x64
		{8568A3FA-DC63-4A71-B3C1-A1741C6E93E8}.Release|x64.Build.0 = Release|x64
		{8568A3FA-DC63-4A71-B3C1-A1741C6E93E8}.Release|x86.ActiveCfg = Release|Win32
		{8568A3FA-DC63-4A71-B3C1-A1741C6E93E8}.Release|x86.Build.0 = Release|Win32
		{41BBBBF4-627B-4FA1-80F0-B5B1871592E8}.Debug|x64.ActiveCfg = Debug|x64
		{41BBBBF4-627B-4FA1-80F0-B5B1871592E8}.Debug|x64.Build.0 = Debug|x64
		{41BBBBF4-627B-4FA1-80F0-B5B1871592E8}.Debug|x86.ActiveCfg = Debug|Win32
		{41BBBBF4-627B-4FA1-80F0-B5B1871592E8}.Debug|x86.Build.0 = Debug|Win32
		{41BBBBF4-627B-4FA1-80F0-B5B1871592E8}.Release|x64.ActiveCfg = Release|x64
		{41BBBBF4-627B-4FA1-80F0-B5B1871592E8}.Release|x64.Build.0 = Release|x64
		{41BBBBF4-627B-4FA1-80F0-B5B1871592E8}.Release|x86.ActiveCfg = Release|Win32
		{41BBBBF4-627B-4FA1-80F0-B5B1871592E8}.Release|x86.Build.0 = Release|Win32
		{E18E1314-D486-4113-87C1-290E24CD1EDA}.Debug|x64.ActiveCfg = Debug|x64
		{E18E1314-D486-4113-87C1-290E24CD1EDA}.Debug|x64.Build.0 = Debug|x64
		{E18E1314-D486-4113-87C1-290E24CD1EDA}.Debug|x86.ActiveCfg = Debug|Win32
		{E18E1314-D486-4113-87C1-290E24CD1EDA}.Debug|x86.Build.0 = Debug|Win32
		{E18E1314-D486-4113-87C1-290E24CD1EDA}.Release|x64.ActiveCfg = Release|x64
		{E18E1314-D486-4113-87C1-290E24CD1EDA}.Release|x64.Build.0 = Release|x64
		{E18E1314-D486-4113-87C1-290E24CD1EDA}.Release|x86.ActiveCfg = Release|Win32
		{E18E1314-D486-4113-87C1-290E24CD1EDA}.Release|x86.Build.0 = Release|Win32
	EndGlobalSection
	GlobalSection(SolutionProperties) = preSolution
		HideSolutionNode = FALSE
	EndGlobalSection
EndGlobal
